
Microsoft Visual Studio Solution File, Format Version 12.00
# Visual Studio Version 16
VisualStudioVersion = 16.0.31112.23
MinimumVisualStudioVersion = 10.0.40219.1
Project("{9A19103F-16F7-4668-BE54-9A1E7A4F7556}") = "MitoCodeExam", "MitoCodeExam\MitoCodeExam.csproj", "{867AA004-0DE4-43FE-888F-EC80A1C41EE9}"
EndProject
Project("{2150E333-8FDC-42A3-9474-1A3956D46DE8}") = "00.Entities", "00.Entities", "{86EC41CA-3AEF-4303-BCB9-5908D91B8F95}"
EndProject
Project("{2150E333-8FDC-42A3-9474-1A3956D46DE8}") = "01.Data Access", "01.Data Access", "{2F987003-E1DE-4233-B609-A9C74BC92B03}"
EndProject
Project("{2150E333-8FDC-42A3-9474-1A3956D46DE8}") = "02.Data Transfer Objects", "02.Data Transfer Objects", "{7E22AAA3-7A62-4689-AC3E-A546730BFBC1}"
EndProject
Project("{2150E333-8FDC-42A3-9474-1A3956D46DE8}") = "03.Services", "03.Services", "{978CE6E0-57E9-41EC-B32C-DAA1D0E4B6E7}"
EndProject
Project("{2150E333-8FDC-42A3-9474-1A3956D46DE8}") = "04.Web API", "04.Web API", "{2DE09669-5169-47D6-95F4-A399D782F9BA}"
EndProject
Project("{FAE04EC0-301F-11D3-BF4B-00C04F79EFBC}") = "MitoCodeExam.Entities", "MitoCodeExam.Entities\MitoCodeExam.Entities.csproj", "{7742DCBD-34AC-4C5E-A472-3C258C8BD708}"
EndProject
Project("{FAE04EC0-301F-11D3-BF4B-00C04F79EFBC}") = "MitoCodeExam.DataAccess", "MitoCodeExam.DataAccess\MitoCodeExam.DataAccess.csproj", "{C6B8D4D1-9FCB-493C-BAA4-96EFB3F3C47E}"
EndProject
Project("{FAE04EC0-301F-11D3-BF4B-00C04F79EFBC}") = "MitoCodeExam.Dto", "MitoCodeExam.Dto\MitoCodeExam.Dto.csproj", "{AF439AA6-4C71-4494-BCFE-26362863CCD8}"
EndProject
Project("{FAE04EC0-301F-11D3-BF4B-00C04F79EFBC}") = "MitoCodeExam.Services", "MitoCodeExam.Services\MitoCodeExam.Services.csproj", "{86121850-B0C0-4EDE-AEFA-DC3754BAF1D8}"
EndProject
Global
	GlobalSection(SolutionConfigurationPlatforms) = preSolution
		Debug|Any CPU = Debug|Any CPU
		Release|Any CPU = Release|Any CPU
	EndGlobalSection
	GlobalSection(ProjectConfigurationPlatforms) = postSolution
		{867AA004-0DE4-43FE-888F-EC80A1C41EE9}.Debug|Any CPU.ActiveCfg = Debug|Any CPU
		{867AA004-0DE4-43FE-888F-EC80A1C41EE9}.Debug|Any CPU.Build.0 = Debug|Any CPU
		{867AA004-0DE4-43FE-888F-EC80A1C41EE9}.Release|Any CPU.ActiveCfg = Release|Any CPU
		{867AA004-0DE4-43FE-888F-EC80A1C41EE9}.Release|Any CPU.Build.0 = Release|Any CPU
		{7742DCBD-34AC-4C5E-A472-3C258C8BD708}.Debug|Any CPU.ActiveCfg = Debug|Any CPU
		{7742DCBD-34AC-4C5E-A472-3C258C8BD708}.Debug|Any CPU.Build.0 = Debug|Any CPU
		{7742DCBD-34AC-4C5E-A472-3C258C8BD708}.Release|Any CPU.ActiveCfg = Release|Any CPU
		{7742DCBD-34AC-4C5E-A472-3C258C8BD708}.Release|Any CPU.Build.0 = Release|Any CPU
		{C6B8D4D1-9FCB-493C-BAA4-96EFB3F3C47E}.Debug|Any CPU.ActiveCfg = Debug|Any CPU
		{C6B8D4D1-9FCB-493C-BAA4-96EFB3F3C47E}.Debug|Any CPU.Build.0 = Debug|Any CPU
		{C6B8D4D1-9FCB-493C-BAA4-96EFB3F3C47E}.Release|Any CPU.ActiveCfg = Release|Any CPU
		{C6B8D4D1-9FCB-493C-BAA4-96EFB3F3C47E}.Release|Any CPU.Build.0 = Release|Any CPU
		{AF439AA6-4C71-4494-BCFE-26362863CCD8}.Debug|Any CPU.ActiveCfg = Debug|Any CPU
		{AF439AA6-4C71-4494-BCFE-26362863CCD8}.Debug|Any CPU.Build.0 = Debug|Any CPU
		{AF439AA6-4C71-4494-BCFE-26362863CCD8}.Release|Any CPU.ActiveCfg = Release|Any CPU
		{AF439AA6-4C71-4494-BCFE-26362863CCD8}.Release|Any CPU.Build.0 = Release|Any CPU
		{86121850-B0C0-4EDE-AEFA-DC3754BAF1D8}.Debug|Any CPU.ActiveCfg = Debug|Any CPU
		{86121850-B0C0-4EDE-AEFA-DC3754BAF1D8}.Debug|Any CPU.Build.0 = Debug|Any CPU
		{86121850-B0C0-4EDE-AEFA-DC3754BAF1D8}.Release|Any CPU.ActiveCfg = Release|Any CPU
		{86121850-B0C0-4EDE-AEFA-DC3754BAF1D8}.Release|Any CPU.Build.0 = Release|Any CPU
	EndGlobalSection
	GlobalSection(SolutionProperties) = preSolution
		HideSolutionNode = FALSE
	EndGlobalSection
	GlobalSection(NestedProjects) = preSolution
		{867AA004-0DE4-43FE-888F-EC80A1C41EE9} = {2DE09669-5169-47D6-95F4-A399D782F9BA}
		{7742DCBD-34AC-4C5E-A472-3C258C8BD708} = {86EC41CA-3AEF-4303-BCB9-5908D91B8F95}
		{C6B8D4D1-9FCB-493C-BAA4-96EFB3F3C47E} = {2F987003-E1DE-4233-B609-A9C74BC92B03}
		{AF439AA6-4C71-4494-BCFE-26362863CCD8} = {7E22AAA3-7A62-4689-AC3E-A546730BFBC1}
		{86121850-B0C0-4EDE-AEFA-DC3754BAF1D8} = {978CE6E0-57E9-41EC-B32C-DAA1D0E4B6E7}
	EndGlobalSection
	GlobalSection(ExtensibilityGlobals) = postSolution
		SolutionGuid = {DC1E0CDA-AB60-4139-BF14-B7A89006985B}
	EndGlobalSection
EndGlobal
